{
  "version": 4,
  "terraform_version": "1.9.8",
  "serial": 5,
  "lineage": "8fd70048-c00f-5a9f-bcce-e4aa3bcbfe94",
  "outputs": {},
  "resources": [
    {
      "mode": "managed",
      "type": "mgc_object_storage_buckets",
      "name": "miranha-bucket",
      "provider": "provider[\"registry.terraform.io/magalucloud/mgc\"].sudeste",
      "instances": [
        {
          "schema_version": 0,
          "attributes": {
            "authenticated_read": null,
            "aws_exec_read": null,
            "bucket": "miranha-bucket",
            "bucket_is_prefix": false,
            "enable_versioning": true,
            "final_name": "miranha-bucket",
            "grant_full_control": null,
            "grant_read": null,
            "grant_read_acp": null,
            "grant_write": null,
            "grant_write_acp": null,
            "private": null,
            "public_read": null,
            "public_read_write": null,
            "recursive": true
          },
          "sensitive_attributes": []
        }
      ]
    }
  ],
  "check_results": null
}
