{
  "version": 4,
  "terraform_version": "1.9.8",
  "serial": 6,
  "lineage": "1a710793-fe2e-52e4-0ee2-f8312f351dd0",
  "outputs": {},
  "resources": [
    {
      "module": "module.vm",
      "mode": "managed",
      "type": "mgc_ssh_keys",
      "name": "key",
      "provider": "provider[\"registry.terraform.io/magalucloud/mgc\"]",
      "instances": [
        {
          "schema_version": 0,
          "attributes": {
            "id": "e37fe228-6187-49c1-a6a7-4450fe9de82f",
            "key": "ssh-rsa AAAAB3NzaC1yc2EAAAADAQABAAACAQC3t/eIWsmcwaGPDh3Zl/pIRcqUynwdPuDadboVG4t5w5UtNuujaqdNrluj8GHpDDdArq/SqZmI7/LqAyOXU0Wfx+jnpF4YQswe5u4im3Ldwy8Dye4u05hkwYe0qQa2DTcmU1jn+2zt3HnSb7lrilDHxvrKF1DUHoqrYbPz09Q/CDuTRTrNpD6ltjWkyNF3R46eEEaZQXLXZKq+OIgrgiFj9stLk9DDLlptMmPIKown8NQ5pdSYpnI3o2QfHwrSukaaKrtjYCLHbz7WSY1MljYXjNwg2r7KGOIu39usl5QymWgJbbzIiIO4RSSWsNmOJzBpE0C8oorJIamHtQIR4zezlnZTGRxamdVuYNCo0nchPGvTFpSatjv3SJqQJNZf0MG6sMLy++DU/NhzakiQmo+iWdhXJ15J3s8+HSS+/Oh/FnSBGUjlj+hxMPh5+jnQ3SF0ystTmBzyxpLRHWjlKCVLkDNBsyq+54IYts89iCg5Bch3x5Uzmc7fBBM/k+JwJkz3Bjnrp8KzOCzrtmRsISSqHrST1gLOV0wpD14OHOTXWTrOx3sXGKtEFfVpIiH4n65N4JmL2+BwO8+QN28sQjK187WUFqLzuBu9qLfJByDU4ApPF3NQExjVV6N/KseTFKVKXjwXyu19BT9F0qX30yhW2ofTig/rbz1tDt4At6EAJQ== jvolima@jvolima-Inspiron-15-3511",
            "name": "hackaton"
          },
          "sensitive_attributes": []
        }
      ]
    },
    {
      "module": "module.vm",
      "mode": "managed",
      "type": "mgc_virtual_machine_instances",
      "name": "basic_instance_sudeste",
      "provider": "module.vm.provider[\"registry.terraform.io/magalucloud/mgc\"].sudeste",
      "instances": [
        {
          "schema_version": 0,
          "attributes": {
            "created_at": "Thursday, 31-Oct-24 23:07:01 -03",
            "final_name": "miranha-hello",
            "id": "cf3a3499-a9a6-433c-8327-69b554a9ce0b",
            "image": {
              "id": "99a6e7e4-86b6-4106-bd38-e6a1c6270ef7",
              "name": "cloud-ubuntu-22.04 LTS"
            },
            "machine_type": {
              "disk": 40,
              "id": "e8597f91-fd85-445e-9814-482d88608baa",
              "name": "BV2-8-40",
              "ram": 8192,
              "vcpus": 2
            },
            "name": "miranha-hello",
            "name_is_prefix": false,
            "network": {
              "associate_public_ip": true,
              "delete_public_ip": true,
              "interface": null,
              "ipv6": "2801:80:3ea0:d485::345",
              "private_address": "172.18.3.185",
              "public_address": "169.150.1.144",
              "vpc": null
            },
            "ssh_key_name": "hackaton",
            "state": "new",
            "status": "creating_error_quota_ram",
            "updated_at": "Thursday, 31-Oct-24 23:07:01 -03"
          },
          "sensitive_attributes": [],
          "dependencies": [
            "module.vm.mgc_ssh_keys.key"
          ]
        }
      ]
    }
  ],
  "check_results": null
}
